
Microsoft Visual Studio Solution File, Format Version 12.00
# Visual Studio 15
VisualStudioVersion = 15.0.26430.14
MinimumVisualStudioVersion = 10.0.40219.1
Project("{FAE04EC0-301F-11D3-BF4B-00C04F79EFBC}") = "Factory", "Factory\Factory.csproj", "{C9E0C2D7-7168-488A-84A4-E26EA3EDC023}"
EndProject
Project("{FAE04EC0-301F-11D3-BF4B-00C04F79EFBC}") = "Model", "Model\Model.csproj", "{199B2CD5-BD37-44EB-8E75-CCED8C996A52}"
EndProject
Project("{FAE04EC0-301F-11D3-BF4B-00C04F79EFBC}") = "Utils", "Utils\Utils.csproj", "{13200A1C-A027-4508-AEF0-5060E1358E30}"
EndProject
Project("{FAE04EC0-301F-11D3-BF4B-00C04F79EFBC}") = "CliEntryPoint", "CliEntryPoint\CliEntryPoint.csproj", "{1D8535B3-620A-4495-9E89-B932CA530458}"
EndProject
Global
	GlobalSection(SolutionConfigurationPlatforms) = preSolution
		Debug|Any CPU = Debug|Any CPU
		Release|Any CPU = Release|Any CPU
	EndGlobalSection
	GlobalSection(ProjectConfigurationPlatforms) = postSolution
		{C9E0C2D7-7168-488A-84A4-E26EA3EDC023}.Debug|Any CPU.ActiveCfg = Debug|Any CPU
		{C9E0C2D7-7168-488A-84A4-E26EA3EDC023}.Debug|Any CPU.Build.0 = Debug|Any CPU
		{C9E0C2D7-7168-488A-84A4-E26EA3EDC023}.Release|Any CPU.ActiveCfg = Release|Any CPU
		{C9E0C2D7-7168-488A-84A4-E26EA3EDC023}.Release|Any CPU.Build.0 = Release|Any CPU
		{199B2CD5-BD37-44EB-8E75-CCED8C996A52}.Debug|Any CPU.ActiveCfg = Debug|Any CPU
		{199B2CD5-BD37-44EB-8E75-CCED8C996A52}.Debug|Any CPU.Build.0 = Debug|Any CPU
		{199B2CD5-BD37-44EB-8E75-CCED8C996A52}.Release|Any CPU.ActiveCfg = Release|Any CPU
		{199B2CD5-BD37-44EB-8E75-CCED8C996A52}.Release|Any CPU.Build.0 = Release|Any CPU
		{13200A1C-A027-4508-AEF0-5060E1358E30}.Debug|Any CPU.ActiveCfg = Debug|Any CPU
		{13200A1C-A027-4508-AEF0-5060E1358E30}.Debug|Any CPU.Build.0 = Debug|Any CPU
		{13200A1C-A027-4508-AEF0-5060E1358E30}.Release|Any CPU.ActiveCfg = Release|Any CPU
		{13200A1C-A027-4508-AEF0-5060E1358E30}.Release|Any CPU.Build.0 = Release|Any CPU
		{1D8535B3-620A-4495-9E89-B932CA530458}.Debug|Any CPU.ActiveCfg = Debug|Any CPU
		{1D8535B3-620A-4495-9E89-B932CA530458}.Debug|Any CPU.Build.0 = Debug|Any CPU
		{1D8535B3-620A-4495-9E89-B932CA530458}.Release|Any CPU.ActiveCfg = Release|Any CPU
		{1D8535B3-620A-4495-9E89-B932CA530458}.Release|Any CPU.Build.0 = Release|Any CPU
	EndGlobalSection
	GlobalSection(SolutionProperties) = preSolution
		HideSolutionNode = FALSE
	EndGlobalSection
EndGlobal
